// !$*UTF8*$!
{
	archiveVersion = 1;
	classes = {
	};
	objectVersion = 51;
	objects = {

/* Begin PBXBuildFile section */
		0CC133775B1B4A4159577582 /* libPods-AskandLearn.a in Frameworks */ = {isa = PBXBuildFile; fileRef = 8C7F304513E61DC938B844F4 /* libPods-AskandLearn.a */; };
		42FA90645126DA3C6683029F /* (null) in Frameworks */ = {isa = PBXBuildFile; };
		55E6995028913B08BB41F7C7 /* libPods-AskandLearnUITests.a in Frameworks */ = {isa = PBXBuildFile; fileRef = 50A26AF7F74C2E951383B839 /* libPods-AskandLearnUITests.a */; };
		7B26BAF21C03CFEF728EAD18 /* libPods-AskandLearnTests.a in Frameworks */ = {isa = PBXBuildFile; fileRef = 474C3B23B2A027F012CAEECD /* libPods-AskandLearnTests.a */; };
		AB0449D422DE6662001F9606 /* SignUpViewController.m in Sources */ = {isa = PBXBuildFile; fileRef = AB0449D322DE6662001F9606 /* SignUpViewController.m */; };
		AB35051722E8F4C600BC308D /* AccountViewController.m in Sources */ = {isa = PBXBuildFile; fileRef = AB35051622E8F4C600BC308D /* AccountViewController.m */; };
		AB35051822E931CC00BC308D /* HomeViewController.h in Resources */ = {isa = PBXBuildFile; fileRef = FEB50A6F22DE7E7900FEF8DB /* HomeViewController.h */; };
		AB35051922E931CC00BC308D /* HomeViewController.m in Resources */ = {isa = PBXBuildFile; fileRef = FEB50A7022DE7E7900FEF8DB /* HomeViewController.m */; };
		AB50E24A22DD0617006097DB /* AppDelegate.m in Sources */ = {isa = PBXBuildFile; fileRef = AB50E24922DD0617006097DB /* AppDelegate.m */; };
		AB50E24D22DD0617006097DB /* ViewController.m in Sources */ = {isa = PBXBuildFile; fileRef = AB50E24C22DD0617006097DB /* ViewController.m */; };
		AB50E25022DD0617006097DB /* Main.storyboard in Resources */ = {isa = PBXBuildFile; fileRef = AB50E24E22DD0617006097DB /* Main.storyboard */; };
		AB50E25222DD0617006097DB /* Assets.xcassets in Resources */ = {isa = PBXBuildFile; fileRef = AB50E25122DD0617006097DB /* Assets.xcassets */; };
		AB50E25522DD0617006097DB /* LaunchScreen.storyboard in Resources */ = {isa = PBXBuildFile; fileRef = AB50E25322DD0617006097DB /* LaunchScreen.storyboard */; };
		AB50E25822DD0617006097DB /* main.m in Sources */ = {isa = PBXBuildFile; fileRef = AB50E25722DD0617006097DB /* main.m */; };
		AB50E26222DD0617006097DB /* AskandLearnTests.m in Sources */ = {isa = PBXBuildFile; fileRef = AB50E26122DD0617006097DB /* AskandLearnTests.m */; };
		AB50E26D22DD0617006097DB /* AskandLearnUITests.m in Sources */ = {isa = PBXBuildFile; fileRef = AB50E26C22DD0617006097DB /* AskandLearnUITests.m */; };
		B01979CB22E79A580038511A /* ChatViewController.m in Sources */ = {isa = PBXBuildFile; fileRef = B01979CA22E79A580038511A /* ChatViewController.m */; };
		B03D97DC22DFAFE900A8D9E5 /* ProfileViewController.m in Sources */ = {isa = PBXBuildFile; fileRef = B03D97DB22DFAFE900A8D9E5 /* ProfileViewController.m */; };
		B03D97DF22DFB01500A8D9E5 /* MessageViewController.m in Sources */ = {isa = PBXBuildFile; fileRef = B03D97DE22DFB01500A8D9E5 /* MessageViewController.m */; };
		B04ED53722EA5B5B00CBEF93 /* ChatCell.m in Sources */ = {isa = PBXBuildFile; fileRef = B04ED53622EA5B5B00CBEF93 /* ChatCell.m */; };
		B04ED53D22F0CF2E00CBEF93 /* ProfileEditViewController.m in Sources */ = {isa = PBXBuildFile; fileRef = B04ED53C22F0CF2E00CBEF93 /* ProfileEditViewController.m */; };
		FE1950AC22E7BBFC00A2A0D6 /* CardBackgroundView.m in Sources */ = {isa = PBXBuildFile; fileRef = FE1950AB22E7BBFC00A2A0D6 /* CardBackgroundView.m */; };
		FE1950AF22E7BC3600A2A0D6 /* CardView.m in Sources */ = {isa = PBXBuildFile; fileRef = FE1950AE22E7BC3600A2A0D6 /* CardView.m */; };
		FE564A1322DFECC500192A43 /* LoginViewController.m in Sources */ = {isa = PBXBuildFile; fileRef = FE564A1222DFECC500192A43 /* LoginViewController.m */; };
		FE6B267822E2423E004F4D57 /* Action.m in Sources */ = {isa = PBXBuildFile; fileRef = FE6B267722E2423E004F4D57 /* Action.m */; };
		FE7E722E22EBAFDC00519A67 /* SettingsViewController.m in Sources */ = {isa = PBXBuildFile; fileRef = FE7E722D22EBAFDC00519A67 /* SettingsViewController.m */; };
		FE7E723022EF87CF00519A67 /* CategoryList.plist in Resources */ = {isa = PBXBuildFile; fileRef = FE7E722F22EF87CF00519A67 /* CategoryList.plist */; };
		FE7E723422EFA2FF00519A67 /* CategoriesViewController.m in Sources */ = {isa = PBXBuildFile; fileRef = FE7E723222EFA2FF00519A67 /* CategoriesViewController.m */; };
		FE7E723522EFA2FF00519A67 /* CategoriesViewController.xib in Resources */ = {isa = PBXBuildFile; fileRef = FE7E723322EFA2FF00519A67 /* CategoriesViewController.xib */; };
		FE7E723922EFA49300519A67 /* CategoryTableViewCell.m in Sources */ = {isa = PBXBuildFile; fileRef = FE7E723722EFA49300519A67 /* CategoryTableViewCell.m */; };
		FE7E723A22EFA49300519A67 /* CategoryTableViewCell.xib in Resources */ = {isa = PBXBuildFile; fileRef = FE7E723822EFA49300519A67 /* CategoryTableViewCell.xib */; };
		FE7E723D22EFB80000519A67 /* Token.m in Sources */ = {isa = PBXBuildFile; fileRef = FE7E723C22EFB80000519A67 /* Token.m */; };
		FE7E724022EFB94200519A67 /* TokenInputView.m in Sources */ = {isa = PBXBuildFile; fileRef = FE7E723F22EFB94200519A67 /* TokenInputView.m */; };
		FE7E724322EFC00E00519A67 /* addTags.m in Sources */ = {isa = PBXBuildFile; fileRef = FE7E724222EFC00E00519A67 /* addTags.m */; };
		FEB50A6B22DE77E100FEF8DB /* Match.m in Sources */ = {isa = PBXBuildFile; fileRef = FEB50A6A22DE77E100FEF8DB /* Match.m */; };
		FEB50A6E22DE782700FEF8DB /* User.m in Sources */ = {isa = PBXBuildFile; fileRef = FEB50A6D22DE782700FEF8DB /* User.m */; };
		FEB50A7122DE7E7900FEF8DB /* HomeViewController.m in Sources */ = {isa = PBXBuildFile; fileRef = FEB50A7022DE7E7900FEF8DB /* HomeViewController.m */; };
/* End PBXBuildFile section */

/* Begin PBXContainerItemProxy section */
		AB50E25E22DD0617006097DB /* PBXContainerItemProxy */ = {
			isa = PBXContainerItemProxy;
			containerPortal = AB50E23D22DD0617006097DB /* Project object */;
			proxyType = 1;
			remoteGlobalIDString = AB50E24422DD0617006097DB;
			remoteInfo = AskandLearn;
		};
		AB50E26922DD0617006097DB /* PBXContainerItemProxy */ = {
			isa = PBXContainerItemProxy;
			containerPortal = AB50E23D22DD0617006097DB /* Project object */;
			proxyType = 1;
			remoteGlobalIDString = AB50E24422DD0617006097DB;
			remoteInfo = AskandLearn;
		};
/* End PBXContainerItemProxy section */

/* Begin PBXFileReference section */
		0EBB94C549EE7631F31379FD /* Pods-AskandLearnUITests.release.xcconfig */ = {isa = PBXFileReference; includeInIndex = 1; lastKnownFileType = text.xcconfig; name = "Pods-AskandLearnUITests.release.xcconfig"; path = "Target Support Files/Pods-AskandLearnUITests/Pods-AskandLearnUITests.release.xcconfig"; sourceTree = "<group>"; };
		474C3B23B2A027F012CAEECD /* libPods-AskandLearnTests.a */ = {isa = PBXFileReference; explicitFileType = archive.ar; includeInIndex = 0; path = "libPods-AskandLearnTests.a"; sourceTree = BUILT_PRODUCTS_DIR; };
		4D21CFF9DEA402E9D2565D05 /* Pods-AskandLearn.debug.xcconfig */ = {isa = PBXFileReference; includeInIndex = 1; lastKnownFileType = text.xcconfig; name = "Pods-AskandLearn.debug.xcconfig"; path = "Target Support Files/Pods-AskandLearn/Pods-AskandLearn.debug.xcconfig"; sourceTree = "<group>"; };
		4D7A467BC9979E00EAF9BCE5 /* Pods-AskandLearn.release.xcconfig */ = {isa = PBXFileReference; includeInIndex = 1; lastKnownFileType = text.xcconfig; name = "Pods-AskandLearn.release.xcconfig"; path = "Target Support Files/Pods-AskandLearn/Pods-AskandLearn.release.xcconfig"; sourceTree = "<group>"; };
		50A26AF7F74C2E951383B839 /* libPods-AskandLearnUITests.a */ = {isa = PBXFileReference; explicitFileType = archive.ar; includeInIndex = 0; path = "libPods-AskandLearnUITests.a"; sourceTree = BUILT_PRODUCTS_DIR; };
		70D741DBF4305BA509EDBBC1 /* Pods-AskandLearnUITests.debug.xcconfig */ = {isa = PBXFileReference; includeInIndex = 1; lastKnownFileType = text.xcconfig; name = "Pods-AskandLearnUITests.debug.xcconfig"; path = "Target Support Files/Pods-AskandLearnUITests/Pods-AskandLearnUITests.debug.xcconfig"; sourceTree = "<group>"; };
		8C7F304513E61DC938B844F4 /* libPods-AskandLearn.a */ = {isa = PBXFileReference; explicitFileType = archive.ar; includeInIndex = 0; path = "libPods-AskandLearn.a"; sourceTree = BUILT_PRODUCTS_DIR; };
		9AAAB1CB3C7D986C91A96B37 /* Pods-AskandLearnTests.release.xcconfig */ = {isa = PBXFileReference; includeInIndex = 1; lastKnownFileType = text.xcconfig; name = "Pods-AskandLearnTests.release.xcconfig"; path = "Target Support Files/Pods-AskandLearnTests/Pods-AskandLearnTests.release.xcconfig"; sourceTree = "<group>"; };
		AB0449D222DE6662001F9606 /* SignUpViewController.h */ = {isa = PBXFileReference; lastKnownFileType = sourcecode.c.h; path = SignUpViewController.h; sourceTree = "<group>"; };
		AB0449D322DE6662001F9606 /* SignUpViewController.m */ = {isa = PBXFileReference; lastKnownFileType = sourcecode.c.objc; path = SignUpViewController.m; sourceTree = "<group>"; };
		AB0449DA22DF4CFE001F9606 /* LoginViewController.h */ = {isa = PBXFileReference; lastKnownFileType = sourcecode.c.h; path = LoginViewController.h; sourceTree = "<group>"; };
		AB35051522E8F4C600BC308D /* AccountViewController.h */ = {isa = PBXFileReference; lastKnownFileType = sourcecode.c.h; path = AccountViewController.h; sourceTree = "<group>"; };
		AB35051622E8F4C600BC308D /* AccountViewController.m */ = {isa = PBXFileReference; lastKnownFileType = sourcecode.c.objc; path = AccountViewController.m; sourceTree = "<group>"; };
		AB50E24522DD0617006097DB /* AskandLearn.app */ = {isa = PBXFileReference; explicitFileType = wrapper.application; includeInIndex = 0; path = AskandLearn.app; sourceTree = BUILT_PRODUCTS_DIR; };
		AB50E24822DD0617006097DB /* AppDelegate.h */ = {isa = PBXFileReference; lastKnownFileType = sourcecode.c.h; path = AppDelegate.h; sourceTree = "<group>"; };
		AB50E24922DD0617006097DB /* AppDelegate.m */ = {isa = PBXFileReference; lastKnownFileType = sourcecode.c.objc; path = AppDelegate.m; sourceTree = "<group>"; };
		AB50E24B22DD0617006097DB /* ViewController.h */ = {isa = PBXFileReference; lastKnownFileType = sourcecode.c.h; path = ViewController.h; sourceTree = "<group>"; };
		AB50E24C22DD0617006097DB /* ViewController.m */ = {isa = PBXFileReference; lastKnownFileType = sourcecode.c.objc; path = ViewController.m; sourceTree = "<group>"; };
		AB50E24F22DD0617006097DB /* Base */ = {isa = PBXFileReference; lastKnownFileType = file.storyboard; name = Base; path = Base.lproj/Main.storyboard; sourceTree = "<group>"; };
		AB50E25122DD0617006097DB /* Assets.xcassets */ = {isa = PBXFileReference; lastKnownFileType = folder.assetcatalog; path = Assets.xcassets; sourceTree = "<group>"; };
		AB50E25422DD0617006097DB /* Base */ = {isa = PBXFileReference; lastKnownFileType = file.storyboard; name = Base; path = Base.lproj/LaunchScreen.storyboard; sourceTree = "<group>"; };
		AB50E25622DD0617006097DB /* Info.plist */ = {isa = PBXFileReference; lastKnownFileType = text.plist.xml; path = Info.plist; sourceTree = "<group>"; };
		AB50E25722DD0617006097DB /* main.m */ = {isa = PBXFileReference; lastKnownFileType = sourcecode.c.objc; path = main.m; sourceTree = "<group>"; };
		AB50E25D22DD0617006097DB /* AskandLearnTests.xctest */ = {isa = PBXFileReference; explicitFileType = wrapper.cfbundle; includeInIndex = 0; path = AskandLearnTests.xctest; sourceTree = BUILT_PRODUCTS_DIR; };
		AB50E26122DD0617006097DB /* AskandLearnTests.m */ = {isa = PBXFileReference; lastKnownFileType = sourcecode.c.objc; path = AskandLearnTests.m; sourceTree = "<group>"; };
		AB50E26322DD0617006097DB /* Info.plist */ = {isa = PBXFileReference; lastKnownFileType = text.plist.xml; path = Info.plist; sourceTree = "<group>"; };
		AB50E26822DD0617006097DB /* AskandLearnUITests.xctest */ = {isa = PBXFileReference; explicitFileType = wrapper.cfbundle; includeInIndex = 0; path = AskandLearnUITests.xctest; sourceTree = BUILT_PRODUCTS_DIR; };
		AB50E26C22DD0617006097DB /* AskandLearnUITests.m */ = {isa = PBXFileReference; lastKnownFileType = sourcecode.c.objc; path = AskandLearnUITests.m; sourceTree = "<group>"; };
		AB50E26E22DD0617006097DB /* Info.plist */ = {isa = PBXFileReference; lastKnownFileType = text.plist.xml; path = Info.plist; sourceTree = "<group>"; };
		B01979C922E79A580038511A /* ChatViewController.h */ = {isa = PBXFileReference; lastKnownFileType = sourcecode.c.h; path = ChatViewController.h; sourceTree = "<group>"; };
		B01979CA22E79A580038511A /* ChatViewController.m */ = {isa = PBXFileReference; lastKnownFileType = sourcecode.c.objc; path = ChatViewController.m; sourceTree = "<group>"; };
		B03D97DA22DFAFE900A8D9E5 /* ProfileViewController.h */ = {isa = PBXFileReference; lastKnownFileType = sourcecode.c.h; path = ProfileViewController.h; sourceTree = "<group>"; };
		B03D97DB22DFAFE900A8D9E5 /* ProfileViewController.m */ = {isa = PBXFileReference; lastKnownFileType = sourcecode.c.objc; path = ProfileViewController.m; sourceTree = "<group>"; };
		B03D97DD22DFB01500A8D9E5 /* MessageViewController.h */ = {isa = PBXFileReference; lastKnownFileType = sourcecode.c.h; path = MessageViewController.h; sourceTree = "<group>"; };
		B03D97DE22DFB01500A8D9E5 /* MessageViewController.m */ = {isa = PBXFileReference; lastKnownFileType = sourcecode.c.objc; path = MessageViewController.m; sourceTree = "<group>"; };
		B04ED53522EA5B5B00CBEF93 /* ChatCell.h */ = {isa = PBXFileReference; lastKnownFileType = sourcecode.c.h; name = ChatCell.h; path = "AskandLearn/View Controller/ChatCell.h"; sourceTree = SOURCE_ROOT; };
		B04ED53622EA5B5B00CBEF93 /* ChatCell.m */ = {isa = PBXFileReference; lastKnownFileType = sourcecode.c.objc; name = ChatCell.m; path = "AskandLearn/View Controller/ChatCell.m"; sourceTree = SOURCE_ROOT; };
		B04ED53B22F0CF2E00CBEF93 /* ProfileEditViewController.h */ = {isa = PBXFileReference; lastKnownFileType = sourcecode.c.h; path = ProfileEditViewController.h; sourceTree = "<group>"; };
		B04ED53C22F0CF2E00CBEF93 /* ProfileEditViewController.m */ = {isa = PBXFileReference; lastKnownFileType = sourcecode.c.objc; path = ProfileEditViewController.m; sourceTree = "<group>"; };
		D650055D94AAC9D8BB54A659 /* Pods-AskandLearnTests.debug.xcconfig */ = {isa = PBXFileReference; includeInIndex = 1; lastKnownFileType = text.xcconfig; name = "Pods-AskandLearnTests.debug.xcconfig"; path = "Target Support Files/Pods-AskandLearnTests/Pods-AskandLearnTests.debug.xcconfig"; sourceTree = "<group>"; };
		FE1950AA22E7BBFC00A2A0D6 /* CardBackgroundView.h */ = {isa = PBXFileReference; lastKnownFileType = sourcecode.c.h; name = CardBackgroundView.h; path = "AskandLearn/View Controller/CardBackgroundView.h"; sourceTree = SOURCE_ROOT; };
		FE1950AB22E7BBFC00A2A0D6 /* CardBackgroundView.m */ = {isa = PBXFileReference; lastKnownFileType = sourcecode.c.objc; name = CardBackgroundView.m; path = "AskandLearn/View Controller/CardBackgroundView.m"; sourceTree = SOURCE_ROOT; };
		FE1950AD22E7BC3600A2A0D6 /* CardView.h */ = {isa = PBXFileReference; lastKnownFileType = sourcecode.c.h; name = CardView.h; path = "AskandLearn/View Controller/CardView.h"; sourceTree = SOURCE_ROOT; };
		FE1950AE22E7BC3600A2A0D6 /* CardView.m */ = {isa = PBXFileReference; lastKnownFileType = sourcecode.c.objc; name = CardView.m; path = "AskandLearn/View Controller/CardView.m"; sourceTree = SOURCE_ROOT; };
		FE564A1222DFECC500192A43 /* LoginViewController.m */ = {isa = PBXFileReference; fileEncoding = 4; lastKnownFileType = sourcecode.c.objc; path = LoginViewController.m; sourceTree = "<group>"; };
		FE6B267622E2423E004F4D57 /* Action.h */ = {isa = PBXFileReference; lastKnownFileType = sourcecode.c.h; path = Action.h; sourceTree = "<group>"; };
		FE6B267722E2423E004F4D57 /* Action.m */ = {isa = PBXFileReference; lastKnownFileType = sourcecode.c.objc; path = Action.m; sourceTree = "<group>"; };
		FE7E722C22EBAFDC00519A67 /* SettingsViewController.h */ = {isa = PBXFileReference; lastKnownFileType = sourcecode.c.h; path = SettingsViewController.h; sourceTree = "<group>"; };
		FE7E722D22EBAFDC00519A67 /* SettingsViewController.m */ = {isa = PBXFileReference; lastKnownFileType = sourcecode.c.objc; path = SettingsViewController.m; sourceTree = "<group>"; };
		FE7E722F22EF87CF00519A67 /* CategoryList.plist */ = {isa = PBXFileReference; fileEncoding = 4; lastKnownFileType = text.plist.xml; name = CategoryList.plist; path = ../../../../TokenInputView/TokenInputView/CategoryList.plist; sourceTree = "<group>"; };
		FE7E723122EFA2FF00519A67 /* CategoriesViewController.h */ = {isa = PBXFileReference; lastKnownFileType = sourcecode.c.h; path = CategoriesViewController.h; sourceTree = "<group>"; };
		FE7E723222EFA2FF00519A67 /* CategoriesViewController.m */ = {isa = PBXFileReference; lastKnownFileType = sourcecode.c.objc; path = CategoriesViewController.m; sourceTree = "<group>"; };
		FE7E723322EFA2FF00519A67 /* CategoriesViewController.xib */ = {isa = PBXFileReference; lastKnownFileType = file.xib; path = CategoriesViewController.xib; sourceTree = "<group>"; };
		FE7E723622EFA49300519A67 /* CategoryTableViewCell.h */ = {isa = PBXFileReference; lastKnownFileType = sourcecode.c.h; name = CategoryTableViewCell.h; path = "AskandLearn/View Controller/CategoryTableViewCell.h"; sourceTree = SOURCE_ROOT; };
		FE7E723722EFA49300519A67 /* CategoryTableViewCell.m */ = {isa = PBXFileReference; lastKnownFileType = sourcecode.c.objc; name = CategoryTableViewCell.m; path = "AskandLearn/View Controller/CategoryTableViewCell.m"; sourceTree = SOURCE_ROOT; };
		FE7E723822EFA49300519A67 /* CategoryTableViewCell.xib */ = {isa = PBXFileReference; lastKnownFileType = file.xib; name = CategoryTableViewCell.xib; path = "AskandLearn/View Controller/CategoryTableViewCell.xib"; sourceTree = SOURCE_ROOT; };
		FE7E723B22EFB80000519A67 /* Token.h */ = {isa = PBXFileReference; lastKnownFileType = sourcecode.c.h; name = Token.h; path = "AskandLearn/View Controller/Token.h"; sourceTree = SOURCE_ROOT; };
		FE7E723C22EFB80000519A67 /* Token.m */ = {isa = PBXFileReference; lastKnownFileType = sourcecode.c.objc; name = Token.m; path = "AskandLearn/View Controller/Token.m"; sourceTree = SOURCE_ROOT; };
		FE7E723E22EFB94200519A67 /* TokenInputView.h */ = {isa = PBXFileReference; lastKnownFileType = sourcecode.c.h; name = TokenInputView.h; path = "AskandLearn/View Controller/TokenInputView.h"; sourceTree = SOURCE_ROOT; };
		FE7E723F22EFB94200519A67 /* TokenInputView.m */ = {isa = PBXFileReference; lastKnownFileType = sourcecode.c.objc; name = TokenInputView.m; path = "AskandLearn/View Controller/TokenInputView.m"; sourceTree = SOURCE_ROOT; };
		FE7E724122EFC00E00519A67 /* addTags.h */ = {isa = PBXFileReference; lastKnownFileType = sourcecode.c.h; path = addTags.h; sourceTree = "<group>"; };
		FE7E724222EFC00E00519A67 /* addTags.m */ = {isa = PBXFileReference; lastKnownFileType = sourcecode.c.objc; path = addTags.m; sourceTree = "<group>"; };
		FEB50A6922DE77E100FEF8DB /* Match.h */ = {isa = PBXFileReference; lastKnownFileType = sourcecode.c.h; path = Match.h; sourceTree = "<group>"; };
		FEB50A6A22DE77E100FEF8DB /* Match.m */ = {isa = PBXFileReference; lastKnownFileType = sourcecode.c.objc; path = Match.m; sourceTree = "<group>"; };
		FEB50A6C22DE782700FEF8DB /* User.h */ = {isa = PBXFileReference; lastKnownFileType = sourcecode.c.h; path = User.h; sourceTree = "<group>"; };
		FEB50A6D22DE782700FEF8DB /* User.m */ = {isa = PBXFileReference; lastKnownFileType = sourcecode.c.objc; path = User.m; sourceTree = "<group>"; };
		FEB50A6F22DE7E7900FEF8DB /* HomeViewController.h */ = {isa = PBXFileReference; lastKnownFileType = sourcecode.c.h; path = HomeViewController.h; sourceTree = "<group>"; };
		FEB50A7022DE7E7900FEF8DB /* HomeViewController.m */ = {isa = PBXFileReference; lastKnownFileType = sourcecode.c.objc; path = HomeViewController.m; sourceTree = "<group>"; };
/* End PBXFileReference section */

/* Begin PBXFrameworksBuildPhase section */
		AB50E24222DD0617006097DB /* Frameworks */ = {
			isa = PBXFrameworksBuildPhase;
			buildActionMask = 2147483647;
			files = (
				42FA90645126DA3C6683029F /* (null) in Frameworks */,
				0CC133775B1B4A4159577582 /* libPods-AskandLearn.a in Frameworks */,
			);
			runOnlyForDeploymentPostprocessing = 0;
		};
		AB50E25A22DD0617006097DB /* Frameworks */ = {
			isa = PBXFrameworksBuildPhase;
			buildActionMask = 2147483647;
			files = (
				7B26BAF21C03CFEF728EAD18 /* libPods-AskandLearnTests.a in Frameworks */,
			);
			runOnlyForDeploymentPostprocessing = 0;
		};
		AB50E26522DD0617006097DB /* Frameworks */ = {
			isa = PBXFrameworksBuildPhase;
			buildActionMask = 2147483647;
			files = (
				55E6995028913B08BB41F7C7 /* libPods-AskandLearnUITests.a in Frameworks */,
			);
			runOnlyForDeploymentPostprocessing = 0;
		};
/* End PBXFrameworksBuildPhase section */

/* Begin PBXGroup section */
		AB50E23C22DD0617006097DB = {
			isa = PBXGroup;
			children = (
				FE6B267622E2423E004F4D57 /* Action.h */,
				FE6B267722E2423E004F4D57 /* Action.m */,
				FEB50A6C22DE782700FEF8DB /* User.h */,
				FEB50A6922DE77E100FEF8DB /* Match.h */,
				FEB50A6A22DE77E100FEF8DB /* Match.m */,
				FEB50A6D22DE782700FEF8DB /* User.m */,
				AB50E24722DD0617006097DB /* AskandLearn */,
				AB50E26022DD0617006097DB /* AskandLearnTests */,
				AB50E26B22DD0617006097DB /* AskandLearnUITests */,
				AB50E24622DD0617006097DB /* Products */,
				B342A7FE821A6FD024600E6F /* Pods */,
				CB3DBCCB824AC15BD99D07CF /* Frameworks */,
			);
			sourceTree = "<group>";
		};
		AB50E24622DD0617006097DB /* Products */ = {
			isa = PBXGroup;
			children = (
				AB50E24522DD0617006097DB /* AskandLearn.app */,
				AB50E25D22DD0617006097DB /* AskandLearnTests.xctest */,
				AB50E26822DD0617006097DB /* AskandLearnUITests.xctest */,
			);
			name = Products;
			sourceTree = "<group>";
		};
		AB50E24722DD0617006097DB /* AskandLearn */ = {
			isa = PBXGroup;
			children = (
				AB63D39222E1051A00AB8D3D /* Models */,
				AB63D39122E104FF00AB8D3D /* API */,
				AB63D39022E104ED00AB8D3D /* Views */,
				AB63D38F22E104CE00AB8D3D /* View Controller */,
			);
			path = AskandLearn;
			sourceTree = "<group>";
		};
		AB50E26022DD0617006097DB /* AskandLearnTests */ = {
			isa = PBXGroup;
			children = (
				AB50E26122DD0617006097DB /* AskandLearnTests.m */,
				AB50E26322DD0617006097DB /* Info.plist */,
			);
			path = AskandLearnTests;
			sourceTree = "<group>";
		};
		AB50E26B22DD0617006097DB /* AskandLearnUITests */ = {
			isa = PBXGroup;
			children = (
				AB50E26C22DD0617006097DB /* AskandLearnUITests.m */,
				AB50E26E22DD0617006097DB /* Info.plist */,
			);
			path = AskandLearnUITests;
			sourceTree = "<group>";
		};
		AB63D38F22E104CE00AB8D3D /* View Controller */ = {
			isa = PBXGroup;
			children = (
				FE564A1222DFECC500192A43 /* LoginViewController.m */,
				AB0449DA22DF4CFE001F9606 /* LoginViewController.h */,
				AB50E24B22DD0617006097DB /* ViewController.h */,
				AB50E24C22DD0617006097DB /* ViewController.m */,
				AB0449D222DE6662001F9606 /* SignUpViewController.h */,
				AB0449D322DE6662001F9606 /* SignUpViewController.m */,
				AB35051522E8F4C600BC308D /* AccountViewController.h */,
				AB35051622E8F4C600BC308D /* AccountViewController.m */,
				FEB50A6F22DE7E7900FEF8DB /* HomeViewController.h */,
				FEB50A7022DE7E7900FEF8DB /* HomeViewController.m */,
				B03D97DA22DFAFE900A8D9E5 /* ProfileViewController.h */,
				B03D97DB22DFAFE900A8D9E5 /* ProfileViewController.m */,
				B03D97DD22DFB01500A8D9E5 /* MessageViewController.h */,
				B03D97DE22DFB01500A8D9E5 /* MessageViewController.m */,
				B01979C922E79A580038511A /* ChatViewController.h */,
				B01979CA22E79A580038511A /* ChatViewController.m */,
				FE7E722C22EBAFDC00519A67 /* SettingsViewController.h */,
				FE7E722D22EBAFDC00519A67 /* SettingsViewController.m */,
				FE7E723122EFA2FF00519A67 /* CategoriesViewController.h */,
				FE7E723222EFA2FF00519A67 /* CategoriesViewController.m */,
				FE7E723322EFA2FF00519A67 /* CategoriesViewController.xib */,
				FE7E724122EFC00E00519A67 /* addTags.h */,
				FE7E724222EFC00E00519A67 /* addTags.m */,
			);
			path = "View Controller";
			sourceTree = "<group>";
		};
		AB63D39022E104ED00AB8D3D /* Views */ = {
			isa = PBXGroup;
			children = (
				FE1950AA22E7BBFC00A2A0D6 /* CardBackgroundView.h */,
				FE1950AB22E7BBFC00A2A0D6 /* CardBackgroundView.m */,
				FE1950AD22E7BC3600A2A0D6 /* CardView.h */,
				FE1950AE22E7BC3600A2A0D6 /* CardView.m */,
				B04ED53522EA5B5B00CBEF93 /* ChatCell.h */,
				B04ED53622EA5B5B00CBEF93 /* ChatCell.m */,
				FE7E723622EFA49300519A67 /* CategoryTableViewCell.h */,
				FE7E723722EFA49300519A67 /* CategoryTableViewCell.m */,
				FE7E723822EFA49300519A67 /* CategoryTableViewCell.xib */,
				FE7E723B22EFB80000519A67 /* Token.h */,
				FE7E723C22EFB80000519A67 /* Token.m */,
				FE7E723E22EFB94200519A67 /* TokenInputView.h */,
				FE7E723F22EFB94200519A67 /* TokenInputView.m */,
			);
			path = Views;
			sourceTree = "<group>";
		};
		AB63D39122E104FF00AB8D3D /* API */ = {
			isa = PBXGroup;
			children = (
			);
			path = API;
			sourceTree = "<group>";
		};
		AB63D39222E1051A00AB8D3D /* Models */ = {
			isa = PBXGroup;
			children = (
				FE7E722F22EF87CF00519A67 /* CategoryList.plist */,
				AB50E24822DD0617006097DB /* AppDelegate.h */,
				AB50E24922DD0617006097DB /* AppDelegate.m */,
				AB50E24E22DD0617006097DB /* Main.storyboard */,
				AB50E25322DD0617006097DB /* LaunchScreen.storyboard */,
				AB50E25122DD0617006097DB /* Assets.xcassets */,
				AB50E25722DD0617006097DB /* main.m */,
				AB50E25622DD0617006097DB /* Info.plist */,
			);
			path = Models;
			sourceTree = "<group>";
		};
		B342A7FE821A6FD024600E6F /* Pods */ = {
			isa = PBXGroup;
			children = (
				9AAAB1CB3C7D986C91A96B37 /* Pods-AskandLearnTests.release.xcconfig */,
				70D741DBF4305BA509EDBBC1 /* Pods-AskandLearnUITests.debug.xcconfig */,
				0EBB94C549EE7631F31379FD /* Pods-AskandLearnUITests.release.xcconfig */,
				4D21CFF9DEA402E9D2565D05 /* Pods-AskandLearn.debug.xcconfig */,
				4D7A467BC9979E00EAF9BCE5 /* Pods-AskandLearn.release.xcconfig */,
				D650055D94AAC9D8BB54A659 /* Pods-AskandLearnTests.debug.xcconfig */,
			);
			path = Pods;
			sourceTree = "<group>";
		};
		CB3DBCCB824AC15BD99D07CF /* Frameworks */ = {
			isa = PBXGroup;
			children = (
				474C3B23B2A027F012CAEECD /* libPods-AskandLearnTests.a */,
				50A26AF7F74C2E951383B839 /* libPods-AskandLearnUITests.a */,
				8C7F304513E61DC938B844F4 /* libPods-AskandLearn.a */,
			);
			name = Frameworks;
			sourceTree = "<group>";
		};
/* End PBXGroup section */

/* Begin PBXNativeTarget section */
		AB50E24422DD0617006097DB /* AskandLearn */ = {
			isa = PBXNativeTarget;
			buildConfigurationList = AB50E27122DD0617006097DB /* Build configuration list for PBXNativeTarget "AskandLearn" */;
			buildPhases = (
				ECF54CB208B1B0B886DE90D8 /* [CP] Check Pods Manifest.lock */,
				AB50E24122DD0617006097DB /* Sources */,
				AB50E24222DD0617006097DB /* Frameworks */,
				AB50E24322DD0617006097DB /* Resources */,
				2515E697F02B6C10FBB2F9EA /* [CP] Copy Pods Resources */,
			);
			buildRules = (
			);
			dependencies = (
			);
			name = AskandLearn;
			productName = AskandLearn;
			productReference = AB50E24522DD0617006097DB /* AskandLearn.app */;
			productType = "com.apple.product-type.application";
		};
		AB50E25C22DD0617006097DB /* AskandLearnTests */ = {
			isa = PBXNativeTarget;
			buildConfigurationList = AB50E27422DD0617006097DB /* Build configuration list for PBXNativeTarget "AskandLearnTests" */;
			buildPhases = (
				87F309F12CDF365900305163 /* [CP] Check Pods Manifest.lock */,
				AB50E25922DD0617006097DB /* Sources */,
				AB50E25A22DD0617006097DB /* Frameworks */,
				AB50E25B22DD0617006097DB /* Resources */,
			);
			buildRules = (
			);
			dependencies = (
				AB50E25F22DD0617006097DB /* PBXTargetDependency */,
			);
			name = AskandLearnTests;
			productName = AskandLearnTests;
			productReference = AB50E25D22DD0617006097DB /* AskandLearnTests.xctest */;
			productType = "com.apple.product-type.bundle.unit-test";
		};
		AB50E26722DD0617006097DB /* AskandLearnUITests */ = {
			isa = PBXNativeTarget;
			buildConfigurationList = AB50E27722DD0617006097DB /* Build configuration list for PBXNativeTarget "AskandLearnUITests" */;
			buildPhases = (
				16E9FF951CEC1C21BB0D7FFF /* [CP] Check Pods Manifest.lock */,
				AB50E26422DD0617006097DB /* Sources */,
				AB50E26522DD0617006097DB /* Frameworks */,
				AB50E26622DD0617006097DB /* Resources */,
			);
			buildRules = (
			);
			dependencies = (
				AB50E26A22DD0617006097DB /* PBXTargetDependency */,
			);
			name = AskandLearnUITests;
			productName = AskandLearnUITests;
			productReference = AB50E26822DD0617006097DB /* AskandLearnUITests.xctest */;
			productType = "com.apple.product-type.bundle.ui-testing";
		};
/* End PBXNativeTarget section */

/* Begin PBXProject section */
		AB50E23D22DD0617006097DB /* Project object */ = {
			isa = PBXProject;
			attributes = {
				LastUpgradeCheck = 1020;
				ORGANIZATIONNAME = estherb;
				TargetAttributes = {
					AB50E24422DD0617006097DB = {
						CreatedOnToolsVersion = 10.2.1;
					};
					AB50E25C22DD0617006097DB = {
						CreatedOnToolsVersion = 10.2.1;
						TestTargetID = AB50E24422DD0617006097DB;
					};
					AB50E26722DD0617006097DB = {
						CreatedOnToolsVersion = 10.2.1;
						TestTargetID = AB50E24422DD0617006097DB;
					};
				};
			};
			buildConfigurationList = AB50E24022DD0617006097DB /* Build configuration list for PBXProject "AskandLearn" */;
			compatibilityVersion = "Xcode 9.3";
			developmentRegion = en;
			hasScannedForEncodings = 0;
			knownRegions = (
				en,
				Base,
			);
			mainGroup = AB50E23C22DD0617006097DB;
			productRefGroup = AB50E24622DD0617006097DB /* Products */;
			projectDirPath = "";
			projectRoot = "";
			targets = (
				AB50E24422DD0617006097DB /* AskandLearn */,
				AB50E25C22DD0617006097DB /* AskandLearnTests */,
				AB50E26722DD0617006097DB /* AskandLearnUITests */,
			);
		};
/* End PBXProject section */

/* Begin PBXResourcesBuildPhase section */
		AB50E24322DD0617006097DB /* Resources */ = {
			isa = PBXResourcesBuildPhase;
			buildActionMask = 2147483647;
			files = (
				AB35051822E931CC00BC308D /* HomeViewController.h in Resources */,
				AB35051922E931CC00BC308D /* HomeViewController.m in Resources */,
				FE7E723522EFA2FF00519A67 /* CategoriesViewController.xib in Resources */,
				FE7E723A22EFA49300519A67 /* CategoryTableViewCell.xib in Resources */,
				AB50E25522DD0617006097DB /* LaunchScreen.storyboard in Resources */,
				AB50E25222DD0617006097DB /* Assets.xcassets in Resources */,
				AB50E25022DD0617006097DB /* Main.storyboard in Resources */,
				FE7E723022EF87CF00519A67 /* CategoryList.plist in Resources */,
			);
			runOnlyForDeploymentPostprocessing = 0;
		};
		AB50E25B22DD0617006097DB /* Resources */ = {
			isa = PBXResourcesBuildPhase;
			buildActionMask = 2147483647;
			files = (
			);
			runOnlyForDeploymentPostprocessing = 0;
		};
		AB50E26622DD0617006097DB /* Resources */ = {
			isa = PBXResourcesBuildPhase;
			buildActionMask = 2147483647;
			files = (
			);
			runOnlyForDeploymentPostprocessing = 0;
		};
/* End PBXResourcesBuildPhase section */

/* Begin PBXShellScriptBuildPhase section */
		16E9FF951CEC1C21BB0D7FFF /* [CP] Check Pods Manifest.lock */ = {
			isa = PBXShellScriptBuildPhase;
			buildActionMask = 2147483647;
			files = (
			);
			inputFileListPaths = (
			);
			inputPaths = (
				"${PODS_PODFILE_DIR_PATH}/Podfile.lock",
				"${PODS_ROOT}/Manifest.lock",
			);
			name = "[CP] Check Pods Manifest.lock";
			outputFileListPaths = (
			);
			outputPaths = (
				"$(DERIVED_FILE_DIR)/Pods-AskandLearnUITests-checkManifestLockResult.txt",
			);
			runOnlyForDeploymentPostprocessing = 0;
			shellPath = /bin/sh;
			shellScript = "diff \"${PODS_PODFILE_DIR_PATH}/Podfile.lock\" \"${PODS_ROOT}/Manifest.lock\" > /dev/null\nif [ $? != 0 ] ; then\n    # print error to STDERR\n    echo \"error: The sandbox is not in sync with the Podfile.lock. Run 'pod install' or update your CocoaPods installation.\" >&2\n    exit 1\nfi\n# This output is used by Xcode 'outputs' to avoid re-running this script phase.\necho \"SUCCESS\" > \"${SCRIPT_OUTPUT_FILE_0}\"\n";
			showEnvVarsInLog = 0;
		};
		2515E697F02B6C10FBB2F9EA /* [CP] Copy Pods Resources */ = {
			isa = PBXShellScriptBuildPhase;
			buildActionMask = 2147483647;
			files = (
			);
			inputFileListPaths = (
				"${PODS_ROOT}/Target Support Files/Pods-AskandLearn/Pods-AskandLearn-resources-${CONFIGURATION}-input-files.xcfilelist",
			);
			name = "[CP] Copy Pods Resources";
			outputFileListPaths = (
				"${PODS_ROOT}/Target Support Files/Pods-AskandLearn/Pods-AskandLearn-resources-${CONFIGURATION}-output-files.xcfilelist",
			);
			runOnlyForDeploymentPostprocessing = 0;
			shellPath = /bin/sh;
			shellScript = "\"${PODS_ROOT}/Target Support Files/Pods-AskandLearn/Pods-AskandLearn-resources.sh\"\n";
			showEnvVarsInLog = 0;
		};
		87F309F12CDF365900305163 /* [CP] Check Pods Manifest.lock */ = {
			isa = PBXShellScriptBuildPhase;
			buildActionMask = 2147483647;
			files = (
			);
			inputFileListPaths = (
			);
			inputPaths = (
				"${PODS_PODFILE_DIR_PATH}/Podfile.lock",
				"${PODS_ROOT}/Manifest.lock",
			);
			name = "[CP] Check Pods Manifest.lock";
			outputFileListPaths = (
			);
			outputPaths = (
				"$(DERIVED_FILE_DIR)/Pods-AskandLearnTests-checkManifestLockResult.txt",
			);
			runOnlyForDeploymentPostprocessing = 0;
			shellPath = /bin/sh;
			shellScript = "diff \"${PODS_PODFILE_DIR_PATH}/Podfile.lock\" \"${PODS_ROOT}/Manifest.lock\" > /dev/null\nif [ $? != 0 ] ; then\n    # print error to STDERR\n    echo \"error: The sandbox is not in sync with the Podfile.lock. Run 'pod install' or update your CocoaPods installation.\" >&2\n    exit 1\nfi\n# This output is used by Xcode 'outputs' to avoid re-running this script phase.\necho \"SUCCESS\" > \"${SCRIPT_OUTPUT_FILE_0}\"\n";
			showEnvVarsInLog = 0;
		};
		ECF54CB208B1B0B886DE90D8 /* [CP] Check Pods Manifest.lock */ = {
			isa = PBXShellScriptBuildPhase;
			buildActionMask = 2147483647;
			files = (
			);
			inputFileListPaths = (
			);
			inputPaths = (
				"${PODS_PODFILE_DIR_PATH}/Podfile.lock",
				"${PODS_ROOT}/Manifest.lock",
			);
			name = "[CP] Check Pods Manifest.lock";
			outputFileListPaths = (
			);
			outputPaths = (
				"$(DERIVED_FILE_DIR)/Pods-AskandLearn-checkManifestLockResult.txt",
			);
			runOnlyForDeploymentPostprocessing = 0;
			shellPath = /bin/sh;
			shellScript = "diff \"${PODS_PODFILE_DIR_PATH}/Podfile.lock\" \"${PODS_ROOT}/Manifest.lock\" > /dev/null\nif [ $? != 0 ] ; then\n    # print error to STDERR\n    echo \"error: The sandbox is not in sync with the Podfile.lock. Run 'pod install' or update your CocoaPods installation.\" >&2\n    exit 1\nfi\n# This output is used by Xcode 'outputs' to avoid re-running this script phase.\necho \"SUCCESS\" > \"${SCRIPT_OUTPUT_FILE_0}\"\n";
			showEnvVarsInLog = 0;
		};
/* End PBXShellScriptBuildPhase section */

/* Begin PBXSourcesBuildPhase section */
		AB50E24122DD0617006097DB /* Sources */ = {
			isa = PBXSourcesBuildPhase;
			buildActionMask = 2147483647;
			files = (
				FE7E723D22EFB80000519A67 /* Token.m in Sources */,
				B03D97DF22DFB01500A8D9E5 /* MessageViewController.m in Sources */,
				B04ED53722EA5B5B00CBEF93 /* ChatCell.m in Sources */,
				FEB50A6E22DE782700FEF8DB /* User.m in Sources */,
				B04ED53D22F0CF2E00CBEF93 /* ProfileEditViewController.m in Sources */,
				FE1950AC22E7BBFC00A2A0D6 /* CardBackgroundView.m in Sources */,
				AB50E24D22DD0617006097DB /* ViewController.m in Sources */,
				AB50E25822DD0617006097DB /* main.m in Sources */,
				FE564A1322DFECC500192A43 /* LoginViewController.m in Sources */,
				B03D97DC22DFAFE900A8D9E5 /* ProfileViewController.m in Sources */,
				FE7E723422EFA2FF00519A67 /* CategoriesViewController.m in Sources */,
				AB0449D422DE6662001F9606 /* SignUpViewController.m in Sources */,
				FE7E723922EFA49300519A67 /* CategoryTableViewCell.m in Sources */,
				FE7E722E22EBAFDC00519A67 /* SettingsViewController.m in Sources */,
				AB50E24A22DD0617006097DB /* AppDelegate.m in Sources */,
				FE7E724322EFC00E00519A67 /* addTags.m in Sources */,
				FE6B267822E2423E004F4D57 /* Action.m in Sources */,
				FE1950AF22E7BC3600A2A0D6 /* CardView.m in Sources */,
				FEB50A6B22DE77E100FEF8DB /* Match.m in Sources */,
				B01979CB22E79A580038511A /* ChatViewController.m in Sources */,
				FEB50A7122DE7E7900FEF8DB /* HomeViewController.m in Sources */,
				AB35051722E8F4C600BC308D /* AccountViewController.m in Sources */,
				FE7E724022EFB94200519A67 /* TokenInputView.m in Sources */,
			);
			runOnlyForDeploymentPostprocessing = 0;
		};
		AB50E25922DD0617006097DB /* Sources */ = {
			isa = PBXSourcesBuildPhase;
			buildActionMask = 2147483647;
			files = (
				AB50E26222DD0617006097DB /* AskandLearnTests.m in Sources */,
			);
			runOnlyForDeploymentPostprocessing = 0;
		};
		AB50E26422DD0617006097DB /* Sources */ = {
			isa = PBXSourcesBuildPhase;
			buildActionMask = 2147483647;
			files = (
				AB50E26D22DD0617006097DB /* AskandLearnUITests.m in Sources */,
			);
			runOnlyForDeploymentPostprocessing = 0;
		};
/* End PBXSourcesBuildPhase section */

/* Begin PBXTargetDependency section */
		AB50E25F22DD0617006097DB /* PBXTargetDependency */ = {
			isa = PBXTargetDependency;
			target = AB50E24422DD0617006097DB /* AskandLearn */;
			targetProxy = AB50E25E22DD0617006097DB /* PBXContainerItemProxy */;
		};
		AB50E26A22DD0617006097DB /* PBXTargetDependency */ = {
			isa = PBXTargetDependency;
			target = AB50E24422DD0617006097DB /* AskandLearn */;
			targetProxy = AB50E26922DD0617006097DB /* PBXContainerItemProxy */;
		};
/* End PBXTargetDependency section */

/* Begin PBXVariantGroup section */
		AB50E24E22DD0617006097DB /* Main.storyboard */ = {
			isa = PBXVariantGroup;
			children = (
				AB50E24F22DD0617006097DB /* Base */,
			);
			name = Main.storyboard;
			sourceTree = "<group>";
		};
		AB50E25322DD0617006097DB /* LaunchScreen.storyboard */ = {
			isa = PBXVariantGroup;
			children = (
				AB50E25422DD0617006097DB /* Base */,
			);
			name = LaunchScreen.storyboard;
			sourceTree = "<group>";
		};
/* End PBXVariantGroup section */

/* Begin XCBuildConfiguration section */
		AB50E26F22DD0617006097DB /* Debug */ = {
			isa = XCBuildConfiguration;
			buildSettings = {
				ALWAYS_SEARCH_USER_PATHS = NO;
				CLANG_ANALYZER_NONNULL = YES;
				CLANG_ANALYZER_NUMBER_OBJECT_CONVERSION = YES_AGGRESSIVE;
				CLANG_CXX_LANGUAGE_STANDARD = "gnu++14";
				CLANG_CXX_LIBRARY = "libc++";
				CLANG_ENABLE_MODULES = YES;
				CLANG_ENABLE_OBJC_ARC = YES;
				CLANG_ENABLE_OBJC_WEAK = YES;
				CLANG_WARN_BLOCK_CAPTURE_AUTORELEASING = YES;
				CLANG_WARN_BOOL_CONVERSION = YES;
				CLANG_WARN_COMMA = YES;
				CLANG_WARN_CONSTANT_CONVERSION = YES;
				CLANG_WARN_DEPRECATED_OBJC_IMPLEMENTATIONS = YES;
				CLANG_WARN_DIRECT_OBJC_ISA_USAGE = YES_ERROR;
				CLANG_WARN_DOCUMENTATION_COMMENTS = YES;
				CLANG_WARN_EMPTY_BODY = YES;
				CLANG_WARN_ENUM_CONVERSION = YES;
				CLANG_WARN_INFINITE_RECURSION = YES;
				CLANG_WARN_INT_CONVERSION = YES;
				CLANG_WARN_NON_LITERAL_NULL_CONVERSION = YES;
				CLANG_WARN_OBJC_IMPLICIT_RETAIN_SELF = YES;
				CLANG_WARN_OBJC_LITERAL_CONVERSION = YES;
				CLANG_WARN_OBJC_ROOT_CLASS = YES_ERROR;
				CLANG_WARN_RANGE_LOOP_ANALYSIS = YES;
				CLANG_WARN_STRICT_PROTOTYPES = YES;
				CLANG_WARN_SUSPICIOUS_MOVE = YES;
				CLANG_WARN_UNGUARDED_AVAILABILITY = YES_AGGRESSIVE;
				CLANG_WARN_UNREACHABLE_CODE = YES;
				CLANG_WARN__DUPLICATE_METHOD_MATCH = YES;
				CODE_SIGN_IDENTITY = "iPhone Developer";
				COPY_PHASE_STRIP = NO;
				DEBUG_INFORMATION_FORMAT = dwarf;
				ENABLE_STRICT_OBJC_MSGSEND = YES;
				ENABLE_TESTABILITY = YES;
				GCC_C_LANGUAGE_STANDARD = gnu11;
				GCC_DYNAMIC_NO_PIC = NO;
				GCC_NO_COMMON_BLOCKS = YES;
				GCC_OPTIMIZATION_LEVEL = 0;
				GCC_PREPROCESSOR_DEFINITIONS = (
					"DEBUG=1",
					"$(inherited)",
				);
				GCC_WARN_64_TO_32_BIT_CONVERSION = YES;
				GCC_WARN_ABOUT_RETURN_TYPE = YES_ERROR;
				GCC_WARN_UNDECLARED_SELECTOR = YES;
				GCC_WARN_UNINITIALIZED_AUTOS = YES_AGGRESSIVE;
				GCC_WARN_UNUSED_FUNCTION = YES;
				GCC_WARN_UNUSED_VARIABLE = YES;
				IPHONEOS_DEPLOYMENT_TARGET = 12.2;
				MTL_ENABLE_DEBUG_INFO = INCLUDE_SOURCE;
				MTL_FAST_MATH = YES;
				ONLY_ACTIVE_ARCH = YES;
				SDKROOT = iphoneos;
			};
			name = Debug;
		};
		AB50E27022DD0617006097DB /* Release */ = {
			isa = XCBuildConfiguration;
			buildSettings = {
				ALWAYS_SEARCH_USER_PATHS = NO;
				CLANG_ANALYZER_NONNULL = YES;
				CLANG_ANALYZER_NUMBER_OBJECT_CONVERSION = YES_AGGRESSIVE;
				CLANG_CXX_LANGUAGE_STANDARD = "gnu++14";
				CLANG_CXX_LIBRARY = "libc++";
				CLANG_ENABLE_MODULES = YES;
				CLANG_ENABLE_OBJC_ARC = YES;
				CLANG_ENABLE_OBJC_WEAK = YES;
				CLANG_WARN_BLOCK_CAPTURE_AUTORELEASING = YES;
				CLANG_WARN_BOOL_CONVERSION = YES;
				CLANG_WARN_COMMA = YES;
				CLANG_WARN_CONSTANT_CONVERSION = YES;
				CLANG_WARN_DEPRECATED_OBJC_IMPLEMENTATIONS = YES;
				CLANG_WARN_DIRECT_OBJC_ISA_USAGE = YES_ERROR;
				CLANG_WARN_DOCUMENTATION_COMMENTS = YES;
				CLANG_WARN_EMPTY_BODY = YES;
				CLANG_WARN_ENUM_CONVERSION = YES;
				CLANG_WARN_INFINITE_RECURSION = YES;
				CLANG_WARN_INT_CONVERSION = YES;
				CLANG_WARN_NON_LITERAL_NULL_CONVERSION = YES;
				CLANG_WARN_OBJC_IMPLICIT_RETAIN_SELF = YES;
				CLANG_WARN_OBJC_LITERAL_CONVERSION = YES;
				CLANG_WARN_OBJC_ROOT_CLASS = YES_ERROR;
				CLANG_WARN_RANGE_LOOP_ANALYSIS = YES;
				CLANG_WARN_STRICT_PROTOTYPES = YES;
				CLANG_WARN_SUSPICIOUS_MOVE = YES;
				CLANG_WARN_UNGUARDED_AVAILABILITY = YES_AGGRESSIVE;
				CLANG_WARN_UNREACHABLE_CODE = YES;
				CLANG_WARN__DUPLICATE_METHOD_MATCH = YES;
				CODE_SIGN_IDENTITY = "iPhone Developer";
				COPY_PHASE_STRIP = NO;
				DEBUG_INFORMATION_FORMAT = "dwarf-with-dsym";
				ENABLE_NS_ASSERTIONS = NO;
				ENABLE_STRICT_OBJC_MSGSEND = YES;
				GCC_C_LANGUAGE_STANDARD = gnu11;
				GCC_NO_COMMON_BLOCKS = YES;
				GCC_WARN_64_TO_32_BIT_CONVERSION = YES;
				GCC_WARN_ABOUT_RETURN_TYPE = YES_ERROR;
				GCC_WARN_UNDECLARED_SELECTOR = YES;
				GCC_WARN_UNINITIALIZED_AUTOS = YES_AGGRESSIVE;
				GCC_WARN_UNUSED_FUNCTION = YES;
				GCC_WARN_UNUSED_VARIABLE = YES;
				IPHONEOS_DEPLOYMENT_TARGET = 12.2;
				MTL_ENABLE_DEBUG_INFO = NO;
				MTL_FAST_MATH = YES;
				SDKROOT = iphoneos;
				VALIDATE_PRODUCT = YES;
			};
			name = Release;
		};
		AB50E27222DD0617006097DB /* Debug */ = {
			isa = XCBuildConfiguration;
			baseConfigurationReference = 4D21CFF9DEA402E9D2565D05 /* Pods-AskandLearn.debug.xcconfig */;
			buildSettings = {
				ASSETCATALOG_COMPILER_APPICON_NAME = AppIcon;
				CODE_SIGN_STYLE = Automatic;
				DEVELOPMENT_TEAM = "";
				FRAMEWORK_SEARCH_PATHS = (
					"$(inherited)",
					"$(PROJECT_DIR)",
				);
				INFOPLIST_FILE = "$(SRCROOT)/AskandLearn/Models/Info.plist";
				LD_RUNPATH_SEARCH_PATHS = (
					"$(inherited)",
					"@executable_path/Frameworks",
				);
				LIBRARY_SEARCH_PATHS = (
					"$(inherited)",
					"\"${PODS_CONFIGURATION_BUILD_DIR}/AFNetworking\"",
					"\"${PODS_CONFIGURATION_BUILD_DIR}/BDBOAuth1Manager\"",
					"\"${PODS_CONFIGURATION_BUILD_DIR}/Bolts\"",
					"\"${PODS_CONFIGURATION_BUILD_DIR}/DateTools\"",
					"\"${PODS_CONFIGURATION_BUILD_DIR}/FBSDKCoreKit\"",
					"\"${PODS_CONFIGURATION_BUILD_DIR}/FBSDKLoginKit\"",
					"\"${PODS_CONFIGURATION_BUILD_DIR}/MBProgressHUD\"",
					"\"${PODS_CONFIGURATION_BUILD_DIR}/Parse\"",
				);
				PRODUCT_BUNDLE_IDENTIFIER = com.esther3815.AskandLearn;
				PRODUCT_NAME = "$(TARGET_NAME)";
				TARGETED_DEVICE_FAMILY = "1,2";
			};
			name = Debug;
		};
		AB50E27322DD0617006097DB /* Release */ = {
			isa = XCBuildConfiguration;
			baseConfigurationReference = 4D7A467BC9979E00EAF9BCE5 /* Pods-AskandLearn.release.xcconfig */;
			buildSettings = {
				ASSETCATALOG_COMPILER_APPICON_NAME = AppIcon;
				CODE_SIGN_STYLE = Automatic;
				DEVELOPMENT_TEAM = "";
				FRAMEWORK_SEARCH_PATHS = (
					"$(inherited)",
					"$(PROJECT_DIR)",
				);
				INFOPLIST_FILE = "$(SRCROOT)/AskandLearn/Models/Info.plist";
				LD_RUNPATH_SEARCH_PATHS = (
					"$(inherited)",
					"@executable_path/Frameworks",
				);
				LIBRARY_SEARCH_PATHS = (
					"$(inherited)",
					"\"${PODS_CONFIGURATION_BUILD_DIR}/AFNetworking\"",
					"\"${PODS_CONFIGURATION_BUILD_DIR}/BDBOAuth1Manager\"",
					"\"${PODS_CONFIGURATION_BUILD_DIR}/Bolts\"",
					"\"${PODS_CONFIGURATION_BUILD_DIR}/DateTools\"",
					"\"${PODS_CONFIGURATION_BUILD_DIR}/FBSDKCoreKit\"",
					"\"${PODS_CONFIGURATION_BUILD_DIR}/FBSDKLoginKit\"",
					"\"${PODS_CONFIGURATION_BUILD_DIR}/MBProgressHUD\"",
					"\"${PODS_CONFIGURATION_BUILD_DIR}/Parse\"",
				);
				PRODUCT_BUNDLE_IDENTIFIER = com.esther3815.AskandLearn;
				PRODUCT_NAME = "$(TARGET_NAME)";
				TARGETED_DEVICE_FAMILY = "1,2";
			};
			name = Release;
		};
		AB50E27522DD0617006097DB /* Debug */ = {
			isa = XCBuildConfiguration;
			baseConfigurationReference = D650055D94AAC9D8BB54A659 /* Pods-AskandLearnTests.debug.xcconfig */;
			buildSettings = {
				BUNDLE_LOADER = "$(TEST_HOST)";
				CODE_SIGN_STYLE = Automatic;
				DEVELOPMENT_TEAM = 8KNWNLRB6C;
				INFOPLIST_FILE = AskandLearnTests/Info.plist;
				LD_RUNPATH_SEARCH_PATHS = (
					"$(inherited)",
					"@executable_path/Frameworks",
					"@loader_path/Frameworks",
				);
				PRODUCT_BUNDLE_IDENTIFIER = com.esther3815.AskandLearnTests;
				PRODUCT_NAME = "$(TARGET_NAME)";
				TARGETED_DEVICE_FAMILY = "1,2";
				TEST_HOST = "$(BUILT_PRODUCTS_DIR)/AskandLearn.app/AskandLearn";
			};
			name = Debug;
		};
		AB50E27622DD0617006097DB /* Release */ = {
			isa = XCBuildConfiguration;
			baseConfigurationReference = 9AAAB1CB3C7D986C91A96B37 /* Pods-AskandLearnTests.release.xcconfig */;
			buildSettings = {
				BUNDLE_LOADER = "$(TEST_HOST)";
				CODE_SIGN_STYLE = Automatic;
				DEVELOPMENT_TEAM = 8KNWNLRB6C;
				INFOPLIST_FILE = AskandLearnTests/Info.plist;
				LD_RUNPATH_SEARCH_PATHS = (
					"$(inherited)",
					"@executable_path/Frameworks",
					"@loader_path/Frameworks",
				);
				PRODUCT_BUNDLE_IDENTIFIER = com.esther3815.AskandLearnTests;
				PRODUCT_NAME = "$(TARGET_NAME)";
				TARGETED_DEVICE_FAMILY = "1,2";
				TEST_HOST = "$(BUILT_PRODUCTS_DIR)/AskandLearn.app/AskandLearn";
			};
			name = Release;
		};
		AB50E27822DD0617006097DB /* Debug */ = {
			isa = XCBuildConfiguration;
			baseConfigurationReference = 70D741DBF4305BA509EDBBC1 /* Pods-AskandLearnUITests.debug.xcconfig */;
			buildSettings = {
				CODE_SIGN_IDENTITY = "iPhone Developer";
				CODE_SIGN_STYLE = Automatic;
				DEVELOPMENT_TEAM = "";
				INFOPLIST_FILE = AskandLearnUITests/Info.plist;
				LD_RUNPATH_SEARCH_PATHS = (
					"$(inherited)",
					"@executable_path/Frameworks",
					"@loader_path/Frameworks",
				);
				PRODUCT_BUNDLE_IDENTIFIER = com.esther3815.AskandLearnUITests;
				PRODUCT_NAME = "$(TARGET_NAME)";
				PROVISIONING_PROFILE_SPECIFIER = "";
				TARGETED_DEVICE_FAMILY = "1,2";
				TEST_TARGET_NAME = AskandLearn;
			};
			name = Debug;
		};
		AB50E27922DD0617006097DB /* Release */ = {
			isa = XCBuildConfiguration;
			baseConfigurationReference = 0EBB94C549EE7631F31379FD /* Pods-AskandLearnUITests.release.xcconfig */;
			buildSettings = {
				CODE_SIGN_IDENTITY = "iPhone Developer";
				CODE_SIGN_STYLE = Automatic;
				DEVELOPMENT_TEAM = "";
				INFOPLIST_FILE = AskandLearnUITests/Info.plist;
				LD_RUNPATH_SEARCH_PATHS = (
					"$(inherited)",
					"@executable_path/Frameworks",
					"@loader_path/Frameworks",
				);
				PRODUCT_BUNDLE_IDENTIFIER = com.esther3815.AskandLearnUITests;
				PRODUCT_NAME = "$(TARGET_NAME)";
				PROVISIONING_PROFILE_SPECIFIER = "";
				TARGETED_DEVICE_FAMILY = "1,2";
				TEST_TARGET_NAME = AskandLearn;
			};
			name = Release;
		};
/* End XCBuildConfiguration section */

/* Begin XCConfigurationList section */
		AB50E24022DD0617006097DB /* Build configuration list for PBXProject "AskandLearn" */ = {
			isa = XCConfigurationList;
			buildConfigurations = (
				AB50E26F22DD0617006097DB /* Debug */,
				AB50E27022DD0617006097DB /* Release */,
			);
			defaultConfigurationIsVisible = 0;
			defaultConfigurationName = Release;
		};
		AB50E27122DD0617006097DB /* Build configuration list for PBXNativeTarget "AskandLearn" */ = {
			isa = XCConfigurationList;
			buildConfigurations = (
				AB50E27222DD0617006097DB /* Debug */,
				AB50E27322DD0617006097DB /* Release */,
			);
			defaultConfigurationIsVisible = 0;
			defaultConfigurationName = Release;
		};
		AB50E27422DD0617006097DB /* Build configuration list for PBXNativeTarget "AskandLearnTests" */ = {
			isa = XCConfigurationList;
			buildConfigurations = (
				AB50E27522DD0617006097DB /* Debug */,
				AB50E27622DD0617006097DB /* Release */,
			);
			defaultConfigurationIsVisible = 0;
			defaultConfigurationName = Release;
		};
		AB50E27722DD0617006097DB /* Build configuration list for PBXNativeTarget "AskandLearnUITests" */ = {
			isa = XCConfigurationList;
			buildConfigurations = (
				AB50E27822DD0617006097DB /* Debug */,
				AB50E27922DD0617006097DB /* Release */,
			);
			defaultConfigurationIsVisible = 0;
			defaultConfigurationName = Release;
		};
/* End XCConfigurationList section */
	};
	rootObject = AB50E23D22DD0617006097DB /* Project object */;
}
